Microsoft Visual Studio Solution File, Format Version 11.00
# Visual Studio 2008

Project("{7CB4872D-4140-5353-9D11-F7C1270EAFDC}") = "adventure", "Assembly-CSharp.csproj", "{3FD885DE-E3DB-5918-3837-4F0F454458A7}"
EndProject
Project("{7CB4872D-4140-5353-9D11-F7C1270EAFDC}") = "adventure", "Assembly-CSharp-Editor.csproj", "{70A556D0-8B67-6F6E-A1F1-9A904A815944}"
EndProject
Global
	GlobalSection(SolutionConfigurationPlatforms) = preSolution
		Debug|Any CPU = Debug|Any CPU
		Release|Any CPU = Release|Any CPU
	EndGlobalSection
	GlobalSection(ProjectConfigurationPlatforms) = postSolution
		{3FD885DE-E3DB-5918-3837-4F0F454458A7}.Debug|Any CPU.ActiveCfg = Debug|Any CPU
		{3FD885DE-E3DB-5918-3837-4F0F454458A7}.Debug|Any CPU.Build.0 = Debug|Any CPU
		{3FD885DE-E3DB-5918-3837-4F0F454458A7}.Release|Any CPU.ActiveCfg = Release|Any CPU
		{3FD885DE-E3DB-5918-3837-4F0F454458A7}.Release|Any CPU.Build.0 = Release|Any CPU
		{70A556D0-8B67-6F6E-A1F1-9A904A815944}.Debug|Any CPU.ActiveCfg = Debug|Any CPU
		{70A556D0-8B67-6F6E-A1F1-9A904A815944}.Debug|Any CPU.Build.0 = Debug|Any CPU
		{70A556D0-8B67-6F6E-A1F1-9A904A815944}.Release|Any CPU.ActiveCfg = Release|Any CPU
		{70A556D0-8B67-6F6E-A1F1-9A904A815944}.Release|Any CPU.Build.0 = Release|Any CPU
	EndGlobalSection
	GlobalSection(SolutionProperties) = preSolution
		HideSolutionNode = FALSE
	EndGlobalSection
	GlobalSection(MonoDevelopProperties) = preSolution
		StartupItem = Assembly-CSharp.csproj
	EndGlobalSection
EndGlobal
